
Microsoft Visual Studio Solution File, Format Version 12.00
# Visual Studio Version 17
VisualStudioVersion = 17.14.36908.2 d17.14
MinimumVisualStudioVersion = 10.0.40219.1
Project("{FAE04EC0-301F-11D3-BF4B-00C04F79EFBC}") = "EFCurso", "EFCurso.csproj", "{22D68074-619E-46CB-94B1-00CD31AAB19C}"
EndProject
Global
	GlobalSection(SolutionConfigurationPlatforms) = preSolution
		Debug|Any CPU = Debug|Any CPU
		Release|Any CPU = Release|Any CPU
	EndGlobalSection
	GlobalSection(ProjectConfigurationPlatforms) = postSolution
		{22D68074-619E-46CB-94B1-00CD31AAB19C}.Debug|Any CPU.ActiveCfg = Debug|Any CPU
		{22D68074-619E-46CB-94B1-00CD31AAB19C}.Debug|Any CPU.Build.0 = Debug|Any CPU
		{22D68074-619E-46CB-94B1-00CD31AAB19C}.Release|Any CPU.ActiveCfg = Release|Any CPU
		{22D68074-619E-46CB-94B1-00CD31AAB19C}.Release|Any CPU.Build.0 = Release|Any CPU
	EndGlobalSection
	GlobalSection(SolutionProperties) = preSolution
		HideSolutionNode = FALSE
	EndGlobalSection
	GlobalSection(ExtensibilityGlobals) = postSolution
		SolutionGuid = {CA344600-B4BF-4CCF-A25D-5F57A6FDF0DC}
	EndGlobalSection
EndGlobal
